// !$*UTF8*$!
{
	archiveVersion = 1;
	classes = {
	};
	objectVersion = 56;
	objects = {

/* Begin PBXBuildFile section */
		9F0F79D02FCE2D76008D73C5 /* FileMonitor.swift in Sources */ = {isa = PBXBuildFile; fileRef = 9F0F79CD2FCE2D76008D73C5 /* FileMonitor.swift */; };
		9F0F79D12FCE2D76008D73C5 /* AppSettings.swift in Sources */ = {isa = PBXBuildFile; fileRef = 9F0F79CC2FCE2D76008D73C5 /* AppSettings.swift */; };
		9F0F79D22FCE2D76008D73C5 /* IndexDatabase.swift in Sources */ = {isa = PBXBuildFile; fileRef = 9F0F79CE2FCE2D76008D73C5 /* IndexDatabase.swift */; };
		9F0F79D32FCE2D76008D73C5 /* KeyEventHandling.swift in Sources */ = {isa = PBXBuildFile; fileRef = 9F0F79CF2FCE2D76008D73C5 /* KeyEventHandling.swift */; };
		9F0F79D62FCE2DB9008D73C5 /* libsqlite3.tbd in Frameworks */ = {isa = PBXBuildFile; fileRef = 9F0F79D52FCE2DB9008D73C5 /* libsqlite3.tbd */; };
		9F0F79D82FCE3509008D73C5 /* TableView.swift in Sources */ = {isa = PBXBuildFile; fileRef = 9F0F79D72FCE3509008D73C5 /* TableView.swift */; };
		9F0F79E12FCE3A00008D73C5 /* Quartz.framework in Frameworks */ = {isa = PBXBuildFile; fileRef = 9F0F79E02FCE3A00008D73C5 /* Quartz.framework */; };
		9F0F79E32FCE3A00008D73C5 /* QuickLookController.swift in Sources */ = {isa = PBXBuildFile; fileRef = 9F0F79E22FCE3A00008D73C5 /* QuickLookController.swift */; };
		9F242A352FCE3CEA00039749 /* SettingsView.swift in Sources */ = {isa = PBXBuildFile; fileRef = 9F242A332FCE3CEA00039749 /* SettingsView.swift */; };
		9F242A372FCE3DF500039749 /* SettingsView.swift in Sources */ = {isa = PBXBuildFile; fileRef = 9F242A362FCE3DF500039749 /* SettingsView.swift */; };
		9F242A392FCE3EF000039749 /* IndexSettings.swift in Sources */ = {isa = PBXBuildFile; fileRef = 9F242A382FCE3EF000039749 /* IndexSettings.swift */; };
		AA0000000000000000000001 /* McFindApp.swift in Sources */ = {isa = PBXBuildFile; fileRef = AA0000000000000000000002 /* McFindApp.swift */; };
		AA0000000000000000000003 /* ContentView.swift in Sources */ = {isa = PBXBuildFile; fileRef = AA0000000000000000000004 /* ContentView.swift */; };
		AA0000000000000000000005 /* FileIndexer.swift in Sources */ = {isa = PBXBuildFile; fileRef = AA0000000000000000000006 /* FileIndexer.swift */; };
		AA0000000000000000000007 /* SearchViewModel.swift in Sources */ = {isa = PBXBuildFile; fileRef = AA0000000000000000000008 /* SearchViewModel.swift */; };
		AA0000000000000000000009 /* FileItem.swift in Sources */ = {isa = PBXBuildFile; fileRef = AA000000000000000000000A /* FileItem.swift */; };
		AA000000000000000000000B /* Assets.xcassets in Resources */ = {isa = PBXBuildFile; fileRef = AA000000000000000000000C /* Assets.xcassets */; };
		AA000000000000000000000D /* Preview Assets.xcassets in Resources */ = {isa = PBXBuildFile; fileRef = AA000000000000000000000E /* Preview Assets.xcassets */; };
		BB000001 /* IndexDatabaseTests.swift in Sources */ = {isa = PBXBuildFile; fileRef = BB000020 /* IndexDatabaseTests.swift */; };
		BB000002 /* IndexSettingsTests.swift in Sources */ = {isa = PBXBuildFile; fileRef = BB000021 /* IndexSettingsTests.swift */; };
		BB000003 /* SearchViewModelTests.swift in Sources */ = {isa = PBXBuildFile; fileRef = BB000022 /* SearchViewModelTests.swift */; };
		BB000004 /* FileItemTests.swift in Sources */ = {isa = PBXBuildFile; fileRef = BB000023 /* FileItemTests.swift */; };
		BB000005 /* McFindTests.swift in Sources */ = {isa = PBXBuildFile; fileRef = BB000024 /* McFindTests.swift */; };
/* End PBXBuildFile section */

/* Begin PBXContainerItemProxy section */
		BB000010 /* PBXContainerItemProxy */ = {
			isa = PBXContainerItemProxy;
			containerPortal = AA000000000000000000001A /* Project object */;
			proxyType = 1;
			remoteGlobalIDString = AA0000000000000000000016 /* McFind */;
			remoteInfo = McFind;
		};
/* End PBXContainerItemProxy section */

/* Begin PBXFileReference section */
		9F0F79CC2FCE2D76008D73C5 /* AppSettings.swift */ = {isa = PBXFileReference; lastKnownFileType = sourcecode.swift; path = AppSettings.swift; sourceTree = "<group>"; };
		9F0F79CD2FCE2D76008D73C5 /* FileMonitor.swift */ = {isa = PBXFileReference; lastKnownFileType = sourcecode.swift; path = FileMonitor.swift; sourceTree = "<group>"; };
		9F0F79CE2FCE2D76008D73C5 /* IndexDatabase.swift */ = {isa = PBXFileReference; lastKnownFileType = sourcecode.swift; path = IndexDatabase.swift; sourceTree = "<group>"; };
		9F0F79CF2FCE2D76008D73C5 /* KeyEventHandling.swift */ = {isa = PBXFileReference; lastKnownFileType = sourcecode.swift; path = KeyEventHandling.swift; sourceTree = "<group>"; };
		9F0F79D52FCE2DB9008D73C5 /* libsqlite3.tbd */ = {isa = PBXFileReference; lastKnownFileType = "sourcecode.text-based-dylib-definition"; name = libsqlite3.tbd; path = usr/lib/libsqlite3.tbd; sourceTree = SDKROOT; };
		9F0F79D72FCE3509008D73C5 /* TableView.swift */ = {isa = PBXFileReference; lastKnownFileType = sourcecode.swift; path = TableView.swift; sourceTree = "<group>"; };
		9F0F79E02FCE3A00008D73C5 /* Quartz.framework */ = {isa = PBXFileReference; lastKnownFileType = wrapper.framework; name = Quartz.framework; path = System/Library/Frameworks/Quartz.framework; sourceTree = SDKROOT; };
		9F0F79E22FCE3A00008D73C5 /* QuickLookController.swift */ = {isa = PBXFileReference; lastKnownFileType = sourcecode.swift; path = QuickLookController.swift; sourceTree = "<group>"; };
		9F242A332FCE3CEA00039749 /* SettingsView.swift */ = {isa = PBXFileReference; lastKnownFileType = sourcecode.swift; path = SettingsView.swift; sourceTree = "<group>"; };
		9F242A362FCE3DF500039749 /* SettingsView.swift */ = {isa = PBXFileReference; lastKnownFileType = sourcecode.swift; path = SettingsView.swift; sourceTree = "<group>"; };
		9F242A382FCE3EF000039749 /* IndexSettings.swift */ = {isa = PBXFileReference; lastKnownFileType = sourcecode.swift; path = IndexSettings.swift; sourceTree = "<group>"; };
		AA0000000000000000000002 /* McFindApp.swift */ = {isa = PBXFileReference; lastKnownFileType = sourcecode.swift; path = McFindApp.swift; sourceTree = "<group>"; };
		AA0000000000000000000004 /* ContentView.swift */ = {isa = PBXFileReference; lastKnownFileType = sourcecode.swift; path = ContentView.swift; sourceTree = "<group>"; };
		AA0000000000000000000006 /* FileIndexer.swift */ = {isa = PBXFileReference; lastKnownFileType = sourcecode.swift; path = FileIndexer.swift; sourceTree = "<group>"; };
		AA0000000000000000000008 /* SearchViewModel.swift */ = {isa = PBXFileReference; lastKnownFileType = sourcecode.swift; path = SearchViewModel.swift; sourceTree = "<group>"; };
		AA000000000000000000000A /* FileItem.swift */ = {isa = PBXFileReference; lastKnownFileType = sourcecode.swift; path = FileItem.swift; sourceTree = "<group>"; };
		AA000000000000000000000C /* Assets.xcassets */ = {isa = PBXFileReference; lastKnownFileType = folder.assetcatalog; path = Assets.xcassets; sourceTree = "<group>"; };
		AA000000000000000000000E /* Preview Assets.xcassets */ = {isa = PBXFileReference; lastKnownFileType = folder.assetcatalog; path = "Preview Assets.xcassets"; sourceTree = "<group>"; };
		AA000000000000000000000F /* McFind.app */ = {isa = PBXFileReference; explicitFileType = wrapper.application; includeInIndex = 0; path = McFind.app; sourceTree = BUILT_PRODUCTS_DIR; };
		AA0000000000000000000010 /* McFind.entitlements */ = {isa = PBXFileReference; lastKnownFileType = text.plist.entitlements; path = McFind.entitlements; sourceTree = "<group>"; };
		BB000020 /* IndexDatabaseTests.swift */ = {isa = PBXFileReference; lastKnownFileType = sourcecode.swift; path = IndexDatabaseTests.swift; sourceTree = "<group>"; };
		BB000021 /* IndexSettingsTests.swift */ = {isa = PBXFileReference; lastKnownFileType = sourcecode.swift; path = IndexSettingsTests.swift; sourceTree = "<group>"; };
		BB000022 /* SearchViewModelTests.swift */ = {isa = PBXFileReference; lastKnownFileType = sourcecode.swift; path = SearchViewModelTests.swift; sourceTree = "<group>"; };
		BB000023 /* FileItemTests.swift */ = {isa = PBXFileReference; lastKnownFileType = sourcecode.swift; path = FileItemTests.swift; sourceTree = "<group>"; };
		BB000024 /* McFindTests.swift */ = {isa = PBXFileReference; lastKnownFileType = sourcecode.swift; path = McFindTests.swift; sourceTree = "<group>"; };
		BB000025 /* McFindTests.xctest */ = {isa = PBXFileReference; explicitFileType = wrapper.cfbundle; includeInIndex = 0; path = McFindTests.xctest; sourceTree = BUILT_PRODUCTS_DIR; };
/* End PBXFileReference section */

/* Begin PBXFrameworksBuildPhase section */
		AA0000000000000000000011 /* Frameworks */ = {
			isa = PBXFrameworksBuildPhase;
			buildActionMask = 2147483647;
			files = (
				9F0F79D62FCE2DB9008D73C5 /* libsqlite3.tbd in Frameworks */,
				9F0F79E12FCE3A00008D73C5 /* Quartz.framework in Frameworks */,
			);
			runOnlyForDeploymentPostprocessing = 0;
		};
/* End PBXFrameworksBuildPhase section */

/* Begin PBXGroup section */
		9F0F79D42FCE2DB9008D73C5 /* Frameworks */ = {
			isa = PBXGroup;
			children = (
				9F0F79D52FCE2DB9008D73C5 /* libsqlite3.tbd */,
				9F0F79E02FCE3A00008D73C5 /* Quartz.framework */,
			);
			name = Frameworks;
			sourceTree = "<group>";
		};
		AA0000000000000000000012 /* McFind */ = {
			isa = PBXGroup;
			children = (
				9F242A382FCE3EF000039749 /* IndexSettings.swift */,
				9F242A362FCE3DF500039749 /* SettingsView.swift */,
				9F242A332FCE3CEA00039749 /* SettingsView.swift */,
				9F0F79D72FCE3509008D73C5 /* TableView.swift */,
				9F0F79CC2FCE2D76008D73C5 /* AppSettings.swift */,
				9F0F79CD2FCE2D76008D73C5 /* FileMonitor.swift */,
				9F0F79CE2FCE2D76008D73C5 /* IndexDatabase.swift */,
				9F0F79E22FCE3A00008D73C5 /* QuickLookController.swift */,
				9F0F79CF2FCE2D76008D73C5 /* KeyEventHandling.swift */,
				AA0000000000000000000002 /* McFindApp.swift */,
				AA0000000000000000000004 /* ContentView.swift */,
				AA0000000000000000000006 /* FileIndexer.swift */,
				AA0000000000000000000008 /* SearchViewModel.swift */,
				AA000000000000000000000A /* FileItem.swift */,
				AA000000000000000000000C /* Assets.xcassets */,
				AA0000000000000000000010 /* McFind.entitlements */,
				AA0000000000000000000013 /* Preview Content */,
			);
			path = McFind;
			sourceTree = "<group>";
		};
		AA0000000000000000000013 /* Preview Content */ = {
			isa = PBXGroup;
			children = (
				AA000000000000000000000E /* Preview Assets.xcassets */,
			);
			path = "Preview Content";
			sourceTree = "<group>";
		};
		BB000040 /* McFindTests */ = {
			isa = PBXGroup;
			children = (
				BB000020 /* IndexDatabaseTests.swift */,
				BB000021 /* IndexSettingsTests.swift */,
				BB000022 /* SearchViewModelTests.swift */,
				BB000023 /* FileItemTests.swift */,
				BB000024 /* McFindTests.swift */,
			);
			path = McFindTests;
			sourceTree = "<group>";
		};
		AA0000000000000000000014 /* Products */ = {
			isa = PBXGroup;
			children = (
				AA000000000000000000000F /* McFind.app */,
				BB000025 /* McFindTests.xctest */,
			);
			name = Products;
			sourceTree = "<group>";
		};
		AA0000000000000000000015 = {
			isa = PBXGroup;
			children = (
				AA0000000000000000000012 /* McFind */,
				BB000040 /* McFindTests */,
				9F0F79D42FCE2DB9008D73C5 /* Frameworks */,
				AA0000000000000000000014 /* Products */,
			);
			sourceTree = "<group>";
		};
/* End PBXGroup section */

/* Begin PBXNativeTarget section */
		AA0000000000000000000016 /* McFind */ = {
			isa = PBXNativeTarget;
			buildConfigurationList = AA0000000000000000000017 /* Build configuration list for PBXNativeTarget "McFind" */;
			buildPhases = (
				AA0000000000000000000018 /* Sources */,
				AA0000000000000000000011 /* Frameworks */,
				AA0000000000000000000019 /* Resources */,
			);
			buildRules = (
			);
			dependencies = (
			);
			name = McFind;
			productName = McFind;
			productReference = AA000000000000000000000F /* McFind.app */;
			productType = "com.apple.product-type.application";
		};
		BB000050 /* McFindTests */ = {
			isa = PBXNativeTarget;
			buildConfigurationList = BB000090 /* Build configuration list for PBXNativeTarget "McFindTests" */;
			buildPhases = (
				BB000060 /* Sources */,
			);
			buildRules = (
			);
			dependencies = (
				BB000070 /* PBXTargetDependency */,
			);
			name = McFindTests;
			productName = McFindTests;
			productReference = BB000025 /* McFindTests.xctest */;
			productType = "com.apple.product-type.bundle.unit-test";
		};
/* End PBXNativeTarget section */

/* Begin PBXProject section */
		AA000000000000000000001A /* Project object */ = {
			isa = PBXProject;
			attributes = {
				BuildIndependentTargetsInParallel = 1;
				LastSwiftUpdateCheck = 1500;
				LastUpgradeCheck = 1500;
				TargetAttributes = {
					AA0000000000000000000016 = {
						CreatedOnToolsVersion = 15.0;
					};
					BB000050 = {
						CreatedOnToolsVersion = 15.0;
						TestTargetID = AA0000000000000000000016;
					};
				};
			};
			buildConfigurationList = AA000000000000000000001B /* Build configuration list for PBXProject "McFind" */;
			compatibilityVersion = "Xcode 14.0";
			developmentRegion = en;
			hasScannedForEncodings = 0;
			knownRegions = (
				en,
				Base,
			);
			mainGroup = AA0000000000000000000015;
			productRefGroup = AA0000000000000000000014 /* Products */;
			projectDirPath = "";
			projectRoot = "";
			targets = (
				AA0000000000000000000016 /* McFind */,
				BB000050 /* McFindTests */,
			);
		};
/* End PBXProject section */

/* Begin PBXResourcesBuildPhase section */
		AA0000000000000000000019 /* Resources */ = {
			isa = PBXResourcesBuildPhase;
			buildActionMask = 2147483647;
			files = (
				AA000000000000000000000D /* Preview Assets.xcassets in Resources */,
				AA000000000000000000000B /* Assets.xcassets in Resources */,
			);
			runOnlyForDeploymentPostprocessing = 0;
		};
/* End PBXResourcesBuildPhase section */

/* Begin PBXSourcesBuildPhase section */
		AA0000000000000000000018 /* Sources */ = {
			isa = PBXSourcesBuildPhase;
			buildActionMask = 2147483647;
			files = (
				AA0000000000000000000003 /* ContentView.swift in Sources */,
				9F242A352FCE3CEA00039749 /* SettingsView.swift in Sources */,
				9F0F79D82FCE3509008D73C5 /* TableView.swift in Sources */,
				AA0000000000000000000005 /* FileIndexer.swift in Sources */,
				AA0000000000000000000007 /* SearchViewModel.swift in Sources */,
				AA0000000000000000000009 /* FileItem.swift in Sources */,
				9F0F79D02FCE2D76008D73C5 /* FileMonitor.swift in Sources */,
				9F0F79D12FCE2D76008D73C5 /* AppSettings.swift in Sources */,
				9F0F79D22FCE2D76008D73C5 /* IndexDatabase.swift in Sources */,
				9F0F79D32FCE2D76008D73C5 /* KeyEventHandling.swift in Sources */,
				AA0000000000000000000001 /* McFindApp.swift in Sources */,
				9F242A372FCE3DF500039749 /* SettingsView.swift in Sources */,
				9F242A392FCE3EF000039749 /* IndexSettings.swift in Sources */,
				9F0F79E32FCE3A00008D73C5 /* QuickLookController.swift in Sources */,
			);
			runOnlyForDeploymentPostprocessing = 0;
		};
/* End PBXSourcesBuildPhase section */

/* Begin PBXSourcesBuildPhase section */
		BB000060 /* Sources */ = {
			isa = PBXSourcesBuildPhase;
			buildActionMask = 2147483647;
			files = (
				BB000001 /* IndexDatabaseTests.swift in Sources */,
				BB000002 /* IndexSettingsTests.swift in Sources */,
				BB000003 /* SearchViewModelTests.swift in Sources */,
				BB000004 /* FileItemTests.swift in Sources */,
				BB000005 /* McFindTests.swift in Sources */,
			);
			runOnlyForDeploymentPostprocessing = 0;
		};
/* End PBXSourcesBuildPhase section */

/* Begin PBXTargetDependency section */
		BB000070 /* PBXTargetDependency */ = {
			isa = PBXTargetDependency;
			target = AA0000000000000000000016 /* McFind */;
			targetProxy = BB000010 /* PBXContainerItemProxy */;
		};
/* End PBXTargetDependency section */

/* Begin XCBuildConfiguration section */
		AA000000000000000000001C /* Debug */ = {
			isa = XCBuildConfiguration;
			buildSettings = {
				ALWAYS_SEARCH_USER_PATHS = NO;
				ASSETCATALOG_COMPILER_GENERATE_SWIFT_ASSET_SYMBOL_EXTENSIONS = YES;
				CLANG_ANALYZER_NONNULL = YES;
				CLANG_ANALYZER_NUMBER_OBJECT_CONVERSION = YES_AGGRESSIVE;
				CLANG_CXX_LANGUAGE_STANDARD = "gnu++20";
				CLANG_ENABLE_MODULES = YES;
				CLANG_ENABLE_OBJC_ARC = YES;
				CLANG_ENABLE_OBJC_WEAK = YES;
				CLANG_WARN_BLOCK_CAPTURE_AUTORELEASING = YES;
				CLANG_WARN_BOOL_CONVERSION = YES;
				CLANG_WARN_COMMA = YES;
				CLANG_WARN_CONSTANT_CONVERSION = YES;
				CLANG_WARN_DEPRECATED_OBJC_IMPLEMENTATIONS = YES;
				CLANG_WARN_DIRECT_OBJC_ISA_USAGE = YES_ERROR;
				CLANG_WARN_DOCUMENTATION_COMMENTS = YES;
				CLANG_WARN_EMPTY_BODY = YES;
				CLANG_WARN_ENUM_CONVERSION = YES;
				CLANG_WARN_INFINITE_RECURSION = YES;
				CLANG_WARN_INT_CONVERSION = YES;
				CLANG_WARN_NON_LITERAL_NULL_CONVERSION = YES;
				CLANG_WARN_OBJC_IMPLICIT_RETAIN_SELF = YES;
				CLANG_WARN_OBJC_LITERAL_CONVERSION = YES;
				CLANG_WARN_OBJC_ROOT_CLASS = YES_ERROR;
				CLANG_WARN_QUOTED_INCLUDE_IN_FRAMEWORK_HEADER = YES;
				CLANG_WARN_RANGE_LOOP_ANALYSIS = YES;
				CLANG_WARN_STRICT_PROTOTYPES = YES;
				CLANG_WARN_SUSPICIOUS_MOVE = YES;
				CLANG_WARN_UNGUARDED_AVAILABILITY = YES_AGGRESSIVE;
				CLANG_WARN_UNREACHABLE_CODE = YES;
				CLANG_WARN__DUPLICATE_METHOD_MATCH = YES;
				COPY_PHASE_STRIP = NO;
				DEBUG_INFORMATION_FORMAT = dwarf;
				ENABLE_STRICT_OBJC_MSGSEND = YES;
				ENABLE_TESTABILITY = YES;
				ENABLE_USER_SCRIPT_SANDBOXING = YES;
				GCC_C_LANGUAGE_STANDARD = gnu17;
				GCC_DYNAMIC_NO_PIC = NO;
				GCC_NO_COMMON_BLOCKS = YES;
				GCC_OPTIMIZATION_LEVEL = 0;
				GCC_PREPROCESSOR_DEFINITIONS = (
					"DEBUG=1",
					"$(inherited)",
				);
				GCC_WARN_64_TO_32_BIT_CONVERSION = YES;
				GCC_WARN_ABOUT_RETURN_TYPE = YES_ERROR;
				GCC_WARN_UNDECLARED_SELECTOR = YES;
				GCC_WARN_UNINITIALIZED_AUTOS = YES_AGGRESSIVE;
				GCC_WARN_UNUSED_FUNCTION = YES;
				GCC_WARN_UNUSED_VARIABLE = YES;
				LOCALIZATION_PREFERS_STRING_CATALOGS = YES;
				MACOSX_DEPLOYMENT_TARGET = 14.0;
				MTL_ENABLE_DEBUG_INFO = INCLUDE_SOURCE;
				MTL_FAST_MATH = YES;
				ONLY_ACTIVE_ARCH = YES;
				SDKROOT = macosx;
				SWIFT_ACTIVE_COMPILATION_CONDITIONS = "DEBUG $(inherited)";
				SWIFT_OPTIMIZATION_LEVEL = "-Onone";
			};
			name = Debug;
		};
		AA000000000000000000001D /* Release */ = {
			isa = XCBuildConfiguration;
			buildSettings = {
				ALWAYS_SEARCH_USER_PATHS = NO;
				ASSETCATALOG_COMPILER_GENERATE_SWIFT_ASSET_SYMBOL_EXTENSIONS = YES;
				CLANG_ANALYZER_NONNULL = YES;
				CLANG_ANALYZER_NUMBER_OBJECT_CONVERSION = YES_AGGRESSIVE;
				CLANG_CXX_LANGUAGE_STANDARD = "gnu++20";
				CLANG_ENABLE_MODULES = YES;
				CLANG_ENABLE_OBJC_ARC = YES;
				CLANG_ENABLE_OBJC_WEAK = YES;
				CLANG_WARN_BLOCK_CAPTURE_AUTORELEASING = YES;
				CLANG_WARN_BOOL_CONVERSION = YES;
				CLANG_WARN_COMMA = YES;
				CLANG_WARN_CONSTANT_CONVERSION = YES;
				CLANG_WARN_DEPRECATED_OBJC_IMPLEMENTATIONS = YES;
				CLANG_WARN_DIRECT_OBJC_ISA_USAGE = YES_ERROR;
				CLANG_WARN_DOCUMENTATION_COMMENTS = YES;
				CLANG_WARN_EMPTY_BODY = YES;
				CLANG_WARN_ENUM_CONVERSION = YES;
				CLANG_WARN_INFINITE_RECURSION = YES;
				CLANG_WARN_INT_CONVERSION = YES;
				CLANG_WARN_NON_LITERAL_NULL_CONVERSION = YES;
				CLANG_WARN_OBJC_IMPLICIT_RETAIN_SELF = YES;
				CLANG_WARN_OBJC_LITERAL_CONVERSION = YES;
				CLANG_WARN_OBJC_ROOT_CLASS = YES_ERROR;
				CLANG_WARN_QUOTED_INCLUDE_IN_FRAMEWORK_HEADER = YES;
				CLANG_WARN_RANGE_LOOP_ANALYSIS = YES;
				CLANG_WARN_STRICT_PROTOTYPES = YES;
				CLANG_WARN_SUSPICIOUS_MOVE = YES;
				CLANG_WARN_UNGUARDED_AVAILABILITY = YES_AGGRESSIVE;
				CLANG_WARN_UNREACHABLE_CODE = YES;
				CLANG_WARN__DUPLICATE_METHOD_MATCH = YES;
				COPY_PHASE_STRIP = NO;
				DEBUG_INFORMATION_FORMAT = "dwarf-with-dsym";
				ENABLE_NS_ASSERTIONS = NO;
				ENABLE_STRICT_OBJC_MSGSEND = YES;
				ENABLE_USER_SCRIPT_SANDBOXING = YES;
				GCC_C_LANGUAGE_STANDARD = gnu17;
				GCC_NO_COMMON_BLOCKS = YES;
				GCC_WARN_64_TO_32_BIT_CONVERSION = YES;
				GCC_WARN_ABOUT_RETURN_TYPE = YES_ERROR;
				GCC_WARN_UNDECLARED_SELECTOR = YES;
				GCC_WARN_UNINITIALIZED_AUTOS = YES_AGGRESSIVE;
				GCC_WARN_UNUSED_FUNCTION = YES;
				GCC_WARN_UNUSED_VARIABLE = YES;
				LOCALIZATION_PREFERS_STRING_CATALOGS = YES;
				MACOSX_DEPLOYMENT_TARGET = 14.0;
				MTL_ENABLE_DEBUG_INFO = NO;
				MTL_FAST_MATH = YES;
				SDKROOT = macosx;
				SWIFT_COMPILATION_MODE = wholemodule;
			};
			name = Release;
		};
		AA000000000000000000001E /* Debug */ = {
			isa = XCBuildConfiguration;
			buildSettings = {
				ASSETCATALOG_COMPILER_APPICON_NAME = AppIcon;
				ASSETCATALOG_COMPILER_GLOBAL_ACCENT_COLOR_NAME = AccentColor;
				CODE_SIGN_ENTITLEMENTS = McFind/McFind.entitlements;
				CODE_SIGN_STYLE = Automatic;
				COMBINE_HIDPI_IMAGES = YES;
				CURRENT_PROJECT_VERSION = 1;
				DEVELOPMENT_ASSET_PATHS = "\"McFind/Preview Content\"";
				ENABLE_PREVIEWS = YES;
				GENERATE_INFOPLIST_FILE = YES;
				INFOPLIST_KEY_NSHumanReadableCopyright = "";
				INFOPLIST_KEY_NSShortcutsAutomaticRegistrationEnabled = NO;
				LD_RUNPATH_SEARCH_PATHS = (
					"$(inherited)",
					"@executable_path/../Frameworks",
				);
				MARKETING_VERSION = 0.2.0;
				PRODUCT_BUNDLE_IDENTIFIER = com.mcfind.McFind;
				PRODUCT_NAME = "$(TARGET_NAME)";
				SWIFT_EMIT_LOC_STRINGS = YES;
				SWIFT_VERSION = 5.0;
			};
			name = Debug;
		};
		AA000000000000000000001F /* Release */ = {
			isa = XCBuildConfiguration;
			buildSettings = {
				ASSETCATALOG_COMPILER_APPICON_NAME = AppIcon;
				ASSETCATALOG_COMPILER_GLOBAL_ACCENT_COLOR_NAME = AccentColor;
				CODE_SIGN_ENTITLEMENTS = McFind/McFind.entitlements;
				CODE_SIGN_STYLE = Automatic;
				COMBINE_HIDPI_IMAGES = YES;
				CURRENT_PROJECT_VERSION = 1;
				DEVELOPMENT_ASSET_PATHS = "\"McFind/Preview Content\"";
				ENABLE_PREVIEWS = YES;
				GENERATE_INFOPLIST_FILE = YES;
				INFOPLIST_KEY_NSHumanReadableCopyright = "";
				INFOPLIST_KEY_NSShortcutsAutomaticRegistrationEnabled = NO;
				LD_RUNPATH_SEARCH_PATHS = (
					"$(inherited)",
					"@executable_path/../Frameworks",
				);
				MARKETING_VERSION = 0.2.0;
				PRODUCT_BUNDLE_IDENTIFIER = com.mcfind.McFind;
				PRODUCT_NAME = "$(TARGET_NAME)";
				SWIFT_EMIT_LOC_STRINGS = YES;
				SWIFT_VERSION = 5.0;
			};
			name = Release;
		};
		BB000080 /* Debug */ = {
			isa = XCBuildConfiguration;
			buildSettings = {
				BUNDLE_LOADER = "$(TEST_HOST)";
				CODE_SIGN_STYLE = Automatic;
				CURRENT_PROJECT_VERSION = 1;
				GENERATE_INFOPLIST_FILE = YES;
				MARKETING_VERSION = 1.0;
				PRODUCT_BUNDLE_IDENTIFIER = com.mcfind.McFindTests;
				PRODUCT_NAME = "$(TARGET_NAME)";
				SWIFT_VERSION = 5.0;
				TEST_HOST = "$(BUILT_PRODUCTS_DIR)/McFind.app/Contents/MacOS/McFind";
			};
			name = Debug;
		};
		BB000081 /* Release */ = {
			isa = XCBuildConfiguration;
			buildSettings = {
				BUNDLE_LOADER = "$(TEST_HOST)";
				CODE_SIGN_STYLE = Automatic;
				CURRENT_PROJECT_VERSION = 1;
				GENERATE_INFOPLIST_FILE = YES;
				MARKETING_VERSION = 1.0;
				PRODUCT_BUNDLE_IDENTIFIER = com.mcfind.McFindTests;
				PRODUCT_NAME = "$(TARGET_NAME)";
				SWIFT_VERSION = 5.0;
				TEST_HOST = "$(BUILT_PRODUCTS_DIR)/McFind.app/Contents/MacOS/McFind";
			};
			name = Release;
		};
/* End XCBuildConfiguration section */

/* Begin XCConfigurationList section */
		AA0000000000000000000017 /* Build configuration list for PBXNativeTarget "McFind" */ = {
			isa = XCConfigurationList;
			buildConfigurations = (
				AA000000000000000000001E /* Debug */,
				AA000000000000000000001F /* Release */,
			);
			defaultConfigurationIsVisible = 0;
			defaultConfigurationName = Release;
		};
		AA000000000000000000001B /* Build configuration list for PBXProject "McFind" */ = {
			isa = XCConfigurationList;
			buildConfigurations = (
				AA000000000000000000001C /* Debug */,
				AA000000000000000000001D /* Release */,
			);
			defaultConfigurationIsVisible = 0;
			defaultConfigurationName = Release;
		};
		BB000090 /* Build configuration list for PBXNativeTarget "McFindTests" */ = {
			isa = XCConfigurationList;
			buildConfigurations = (
				BB000080 /* Debug */,
				BB000081 /* Release */,
			);
			defaultConfigurationIsVisible = 0;
			defaultConfigurationName = Release;
		};
/* End XCConfigurationList section */
	};
	rootObject = AA000000000000000000001A /* Project object */;
}
